
Microsoft Visual Studio Solution File, Format Version 12.00
# Visual Studio Version 16
VisualStudioVersion = 16.0.30804.86
MinimumVisualStudioVersion = 10.0.40219.1
Project("{FAE04EC0-301F-11D3-BF4B-00C04F79EFBC}") = "BEComentarios", "BEComentarios\BEComentarios.csproj", "{1BA7BCEA-203D-4630-8F34-0A4C0C40D8E8}"
EndProject
Global
	GlobalSection(SolutionConfigurationPlatforms) = preSolution
		Debug|Any CPU = Debug|Any CPU
		Release|Any CPU = Release|Any CPU
	EndGlobalSection
	GlobalSection(ProjectConfigurationPlatforms) = postSolution
		{1BA7BCEA-203D-4630-8F34-0A4C0C40D8E8}.Debug|Any CPU.ActiveCfg = Debug|Any CPU
		{1BA7BCEA-203D-4630-8F34-0A4C0C40D8E8}.Debug|Any CPU.Build.0 = Debug|Any CPU
		{1BA7BCEA-203D-4630-8F34-0A4C0C40D8E8}.Release|Any CPU.ActiveCfg = Release|Any CPU
		{1BA7BCEA-203D-4630-8F34-0A4C0C40D8E8}.Release|Any CPU.Build.0 = Release|Any CPU
	EndGlobalSection
	GlobalSection(SolutionProperties) = preSolution
		HideSolutionNode = FALSE
	EndGlobalSection
	GlobalSection(ExtensibilityGlobals) = postSolution
		SolutionGuid = {050D5179-5F43-40A1-A255-42D08ED42679}
	EndGlobalSection
EndGlobal
